
Microsoft Visual Studio Solution File, Format Version 12.00
# Visual Studio Version 17
VisualStudioVersion = 17.0.32126.317
MinimumVisualStudioVersion = 10.0.40219.1
Project("{9A19103F-16F7-4668-BE54-9A1E7A4F7556}") = "ozal.webui", "ozal.webui\ozal.webui.csproj", "{6C41B23F-FBF7-4850-B362-8A68C1C3C1A1}"
EndProject
Project("{9A19103F-16F7-4668-BE54-9A1E7A4F7556}") = "ozal.entity", "ozal.entity\ozal.entity.csproj", "{C212FAAD-18A3-43A8-A2C2-267002137E28}"
EndProject
Project("{9A19103F-16F7-4668-BE54-9A1E7A4F7556}") = "ozal.data", "ozal.data\ozal.data.csproj", "{655C7B0A-7E23-412B-91DC-88CEDDE463EC}"
EndProject
Project("{9A19103F-16F7-4668-BE54-9A1E7A4F7556}") = "ozal.business", "ozal.business\ozal.business.csproj", "{042E3B10-665D-4354-A251-06659B097267}"
EndProject
Global
	GlobalSection(SolutionConfigurationPlatforms) = preSolution
		Debug|Any CPU = Debug|Any CPU
		Release|Any CPU = Release|Any CPU
	EndGlobalSection
	GlobalSection(ProjectConfigurationPlatforms) = postSolution
		{6C41B23F-FBF7-4850-B362-8A68C1C3C1A1}.Debug|Any CPU.ActiveCfg = Debug|Any CPU
		{6C41B23F-FBF7-4850-B362-8A68C1C3C1A1}.Debug|Any CPU.Build.0 = Debug|Any CPU
		{6C41B23F-FBF7-4850-B362-8A68C1C3C1A1}.Release|Any CPU.ActiveCfg = Release|Any CPU
		{6C41B23F-FBF7-4850-B362-8A68C1C3C1A1}.Release|Any CPU.Build.0 = Release|Any CPU
		{C212FAAD-18A3-43A8-A2C2-267002137E28}.Debug|Any CPU.ActiveCfg = Debug|Any CPU
		{C212FAAD-18A3-43A8-A2C2-267002137E28}.Debug|Any CPU.Build.0 = Debug|Any CPU
		{C212FAAD-18A3-43A8-A2C2-267002137E28}.Release|Any CPU.ActiveCfg = Release|Any CPU
		{C212FAAD-18A3-43A8-A2C2-267002137E28}.Release|Any CPU.Build.0 = Release|Any CPU
		{655C7B0A-7E23-412B-91DC-88CEDDE463EC}.Debug|Any CPU.ActiveCfg = Debug|Any CPU
		{655C7B0A-7E23-412B-91DC-88CEDDE463EC}.Debug|Any CPU.Build.0 = Debug|Any CPU
		{655C7B0A-7E23-412B-91DC-88CEDDE463EC}.Release|Any CPU.ActiveCfg = Release|Any CPU
		{655C7B0A-7E23-412B-91DC-88CEDDE463EC}.Release|Any CPU.Build.0 = Release|Any CPU
		{042E3B10-665D-4354-A251-06659B097267}.Debug|Any CPU.ActiveCfg = Debug|Any CPU
		{042E3B10-665D-4354-A251-06659B097267}.Debug|Any CPU.Build.0 = Debug|Any CPU
		{042E3B10-665D-4354-A251-06659B097267}.Release|Any CPU.ActiveCfg = Release|Any CPU
		{042E3B10-665D-4354-A251-06659B097267}.Release|Any CPU.Build.0 = Release|Any CPU
	EndGlobalSection
	GlobalSection(SolutionProperties) = preSolution
		HideSolutionNode = FALSE
	EndGlobalSection
	GlobalSection(ExtensibilityGlobals) = postSolution
		SolutionGuid = {B5ABA5B1-E015-4AFD-9254-4F3EA99DFBC2}
	EndGlobalSection
EndGlobal
